// !$*UTF8*$!
{
	archiveVersion = 1;
	classes = {
	};
	objectVersion = 77;
	objects = {

/* Begin PBXContainerItemProxy section */
		185BB8CC2E034569005E7731 /* PBXContainerItemProxy */ = {
			isa = PBXContainerItemProxy;
			containerPortal = 185BB8AD2E034567005E7731 /* Project object */;
			proxyType = 1;
			remoteGlobalIDString = 185BB8B42E034567005E7731;
			remoteInfo = EyebrowStylist;
		};
		185BB8D62E034569005E7731 /* PBXContainerItemProxy */ = {
			isa = PBXContainerItemProxy;
			containerPortal = 185BB8AD2E034567005E7731 /* Project object */;
			proxyType = 1;
			remoteGlobalIDString = 185BB8B42E034567005E7731;
			remoteInfo = EyebrowStylist;
		};
/* End PBXContainerItemProxy section */

/* Begin PBXFileReference section */
		185BB8B52E034567005E7731 /* EyebrowStylist.app */ = {isa = PBXFileReference; explicitFileType = wrapper.application; includeInIndex = 0; path = EyebrowStylist.app; sourceTree = BUILT_PRODUCTS_DIR; };
		185BB8CB2E034569005E7731 /* EyebrowStylistTests.xctest */ = {isa = PBXFileReference; explicitFileType = wrapper.cfbundle; includeInIndex = 0; path = EyebrowStylistTests.xctest; sourceTree = BUILT_PRODUCTS_DIR; };
		185BB8D52E034569005E7731 /* EyebrowStylistUITests.xctest */ = {isa = PBXFileReference; explicitFileType = wrapper.cfbundle; includeInIndex = 0; path = EyebrowStylistUITests.xctest; sourceTree = BUILT_PRODUCTS_DIR; };
/* End PBXFileReference section */

/* Begin PBXFileSystemSynchronizedBuildFileExceptionSet section */
		185BB8DD2E034569005E7731 /* Exceptions for "EyebrowStylist" folder in "EyebrowStylist" target */ = {
			isa = PBXFileSystemSynchronizedBuildFileExceptionSet;
			membershipExceptions = (
				Info.plist,
			);
			target = 185BB8B42E034567005E7731 /* EyebrowStylist */;
		};
/* End PBXFileSystemSynchronizedBuildFileExceptionSet section */

/* Begin PBXFileSystemSynchronizedRootGroup section */
		185BB8B72E034567005E7731 /* EyebrowStylist */ = {
			isa = PBXFileSystemSynchronizedRootGroup;
			exceptions = (
				185BB8DD2E034569005E7731 /* Exceptions for "EyebrowStylist" folder in "EyebrowStylist" target */,
			);
			path = EyebrowStylist;
			sourceTree = "<group>";
		};
		185BB8CE2E034569005E7731 /* EyebrowStylistTests */ = {
			isa = PBXFileSystemSynchronizedRootGroup;
			path = EyebrowStylistTests;
			sourceTree = "<group>";
		};
		185BB8D82E034569005E7731 /* EyebrowStylistUITests */ = {
			isa = PBXFileSystemSynchronizedRootGroup;
			path = EyebrowStylistUITests;
			sourceTree = "<group>";
		};
/* End PBXFileSystemSynchronizedRootGroup section */

/* Begin PBXFrameworksBuildPhase section */
		185BB8B22E034567005E7731 /* Frameworks */ = {
			isa = PBXFrameworksBuildPhase;
			buildActionMask = 2147483647;
			files = (
			);
			runOnlyForDeploymentPostprocessing = 0;
		};
		185BB8C82E034569005E7731 /* Frameworks */ = {
			isa = PBXFrameworksBuildPhase;
			buildActionMask = 2147483647;
			files = (
			);
			runOnlyForDeploymentPostprocessing = 0;
		};
		185BB8D22E034569005E7731 /* Frameworks */ = {
			isa = PBXFrameworksBuildPhase;
			buildActionMask = 2147483647;
			files = (
			);
			runOnlyForDeploymentPostprocessing = 0;
		};
/* End PBXFrameworksBuildPhase section */

/* Begin PBXGroup section */
		185BB8AC2E034567005E7731 = {
			isa = PBXGroup;
			children = (
				185BB8B72E034567005E7731 /* EyebrowStylist */,
				185BB8CE2E034569005E7731 /* EyebrowStylistTests */,
				185BB8D82E034569005E7731 /* EyebrowStylistUITests */,
				185BB8B62E034567005E7731 /* Products */,
			);
			sourceTree = "<group>";
		};
		185BB8B62E034567005E7731 /* Products */ = {
			isa = PBXGroup;
			children = (
				185BB8B52E034567005E7731 /* EyebrowStylist.app */,
				185BB8CB2E034569005E7731 /* EyebrowStylistTests.xctest */,
				185BB8D52E034569005E7731 /* EyebrowStylistUITests.xctest */,
			);
			name = Products;
			sourceTree = "<group>";
		};
/* End PBXGroup section */

/* Begin PBXNativeTarget section */
		185BB8B42E034567005E7731 /* EyebrowStylist */ = {
			isa = PBXNativeTarget;
			buildConfigurationList = 185BB8DE2E034569005E7731 /* Build configuration list for PBXNativeTarget "EyebrowStylist" */;
			buildPhases = (
				185BB8B12E034567005E7731 /* Sources */,
				185BB8B22E034567005E7731 /* Frameworks */,
				185BB8B32E034567005E7731 /* Resources */,
			);
			buildRules = (
			);
			dependencies = (
			);
			fileSystemSynchronizedGroups = (
				185BB8B72E034567005E7731 /* EyebrowStylist */,
			);
			name = EyebrowStylist;
			packageProductDependencies = (
			);
			productName = EyebrowStylist;
			productReference = 185BB8B52E034567005E7731 /* EyebrowStylist.app */;
			productType = "com.apple.product-type.application";
		};
		185BB8CA2E034569005E7731 /* EyebrowStylistTests */ = {
			isa = PBXNativeTarget;
			buildConfigurationList = 185BB8E32E034569005E7731 /* Build configuration list for PBXNativeTarget "EyebrowStylistTests" */;
			buildPhases = (
				185BB8C72E034569005E7731 /* Sources */,
				185BB8C82E034569005E7731 /* Frameworks */,
				185BB8C92E034569005E7731 /* Resources */,
			);
			buildRules = (
			);
			dependencies = (
				185BB8CD2E034569005E7731 /* PBXTargetDependency */,
			);
			fileSystemSynchronizedGroups = (
				185BB8CE2E034569005E7731 /* EyebrowStylistTests */,
			);
			name = EyebrowStylistTests;
			packageProductDependencies = (
			);
			productName = EyebrowStylistTests;
			productReference = 185BB8CB2E034569005E7731 /* EyebrowStylistTests.xctest */;
			productType = "com.apple.product-type.bundle.unit-test";
		};
		185BB8D42E034569005E7731 /* EyebrowStylistUITests */ = {
			isa = PBXNativeTarget;
			buildConfigurationList = 185BB8E62E034569005E7731 /* Build configuration list for PBXNativeTarget "EyebrowStylistUITests" */;
			buildPhases = (
				185BB8D12E034569005E7731 /* Sources */,
				185BB8D22E034569005E7731 /* Frameworks */,
				185BB8D32E034569005E7731 /* Resources */,
			);
			buildRules = (
			);
			dependencies = (
				185BB8D72E034569005E7731 /* PBXTargetDependency */,
			);
			fileSystemSynchronizedGroups = (
				185BB8D82E034569005E7731 /* EyebrowStylistUITests */,
			);
			name = EyebrowStylistUITests;
			packageProductDependencies = (
			);
			productName = EyebrowStylistUITests;
			productReference = 185BB8D52E034569005E7731 /* EyebrowStylistUITests.xctest */;
			productType = "com.apple.product-type.bundle.ui-testing";
		};
/* End PBXNativeTarget section */

/* Begin PBXProject section */
		185BB8AD2E034567005E7731 /* Project object */ = {
			isa = PBXProject;
			attributes = {
				BuildIndependentTargetsInParallel = 1;
				LastSwiftUpdateCheck = 1640;
				LastUpgradeCheck = 1640;
				TargetAttributes = {
					185BB8B42E034567005E7731 = {
						CreatedOnToolsVersion = 16.4;
					};
					185BB8CA2E034569005E7731 = {
						CreatedOnToolsVersion = 16.4;
						TestTargetID = 185BB8B42E034567005E7731;
					};
					185BB8D42E034569005E7731 = {
						CreatedOnToolsVersion = 16.4;
						TestTargetID = 185BB8B42E034567005E7731;
					};
				};
			};
			buildConfigurationList = 185BB8B02E034567005E7731 /* Build configuration list for PBXProject "EyebrowStylist" */;
			developmentRegion = en;
			hasScannedForEncodings = 0;
			knownRegions = (
				en,
				Base,
			);
			mainGroup = 185BB8AC2E034567005E7731;
			minimizedProjectReferenceProxies = 1;
			preferredProjectObjectVersion = 77;
			productRefGroup = 185BB8B62E034567005E7731 /* Products */;
			projectDirPath = "";
			projectRoot = "";
			targets = (
				185BB8B42E034567005E7731 /* EyebrowStylist */,
				185BB8CA2E034569005E7731 /* EyebrowStylistTests */,
				185BB8D42E034569005E7731 /* EyebrowStylistUITests */,
			);
		};
/* End PBXProject section */

/* Begin PBXResourcesBuildPhase section */
		185BB8B32E034567005E7731 /* Resources */ = {
			isa = PBXResourcesBuildPhase;
			buildActionMask = 2147483647;
			files = (
			);
			runOnlyForDeploymentPostprocessing = 0;
		};
		185BB8C92E034569005E7731 /* Resources */ = {
			isa = PBXResourcesBuildPhase;
			buildActionMask = 2147483647;
			files = (
			);
			runOnlyForDeploymentPostprocessing = 0;
		};
		185BB8D32E034569005E7731 /* Resources */ = {
			isa = PBXResourcesBuildPhase;
			buildActionMask = 2147483647;
			files = (
			);
			runOnlyForDeploymentPostprocessing = 0;
		};
/* End PBXResourcesBuildPhase section */

/* Begin PBXSourcesBuildPhase section */
		185BB8B12E034567005E7731 /* Sources */ = {
			isa = PBXSourcesBuildPhase;
			buildActionMask = 2147483647;
			files = (
			);
			runOnlyForDeploymentPostprocessing = 0;
		};
		185BB8C72E034569005E7731 /* Sources */ = {
			isa = PBXSourcesBuildPhase;
			buildActionMask = 2147483647;
			files = (
			);
			runOnlyForDeploymentPostprocessing = 0;
		};
		185BB8D12E034569005E7731 /* Sources */ = {
			isa = PBXSourcesBuildPhase;
			buildActionMask = 2147483647;
			files = (
			);
			runOnlyForDeploymentPostprocessing = 0;
		};
/* End PBXSourcesBuildPhase section */

/* Begin PBXTargetDependency section */
		185BB8CD2E034569005E7731 /* PBXTargetDependency */ = {
			isa = PBXTargetDependency;
			target = 185BB8B42E034567005E7731 /* EyebrowStylist */;
			targetProxy = 185BB8CC2E034569005E7731 /* PBXContainerItemProxy */;
		};
		185BB8D72E034569005E7731 /* PBXTargetDependency */ = {
			isa = PBXTargetDependency;
			target = 185BB8B42E034567005E7731 /* EyebrowStylist */;
			targetProxy = 185BB8D62E034569005E7731 /* PBXContainerItemProxy */;
		};
/* End PBXTargetDependency section */

/* Begin XCBuildConfiguration section */
		185BB8DF2E034569005E7731 /* Debug */ = {
			isa = XCBuildConfiguration;
			buildSettings = {
				ASSETCATALOG_COMPILER_APPICON_NAME = AppIcon;
				ASSETCATALOG_COMPILER_GLOBAL_ACCENT_COLOR_NAME = AccentColor;
				CODE_SIGN_STYLE = Automatic;
				CURRENT_PROJECT_VERSION = 1;
				DEVELOPMENT_TEAM = P244943BT4;
				GENERATE_INFOPLIST_FILE = YES;
				INFOPLIST_FILE = EyebrowStylist/Info.plist;
				INFOPLIST_KEY_UIApplicationSupportsIndirectInputEvents = YES;
				INFOPLIST_KEY_UILaunchStoryboardName = LaunchScreen;
				INFOPLIST_KEY_UIMainStoryboardFile = Main;
				INFOPLIST_KEY_UISupportedInterfaceOrientations_iPad = "UIInterfaceOrientationPortrait UIInterfaceOrientationPortraitUpsideDown UIInterfaceOrientationLandscapeLeft UIInterfaceOrientationLandscapeRight";
				INFOPLIST_KEY_UISupportedInterfaceOrientations_iPhone = "UIInterfaceOrientationPortrait UIInterfaceOrientationLandscapeLeft UIInterfaceOrientationLandscapeRight";
				LD_RUNPATH_SEARCH_PATHS = (
					"$(inherited)",
					"@executable_path/Frameworks",
				);
				MARKETING_VERSION = 1.0;
				PRODUCT_BUNDLE_IDENTIFIER = com.wade.eyebrowstylist.EyebrowStylist;
				PRODUCT_NAME = "$(TARGET_NAME)";
				SWIFT_EMIT_LOC_STRINGS = YES;
				SWIFT_VERSION = 5.0;
				TARGETED_DEVICE_FAMILY = "1,2";
			};
			name = Debug;
		};
		185BB8E02E034569005E7731 /* Release */ = {
			isa = XCBuildConfiguration;
			buildSettings = {
				ASSETCATALOG_COMPILER_APPICON_NAME = AppIcon;
				ASSETCATALOG_COMPILER_GLOBAL_ACCENT_COLOR_NAME = AccentColor;
				CODE_SIGN_STYLE = Automatic;
				CURRENT_PROJECT_VERSION = 1;
				DEVELOPMENT_TEAM = P244943BT4;
				GENERATE_INFOPLIST_FILE = YES;
				INFOPLIST_FILE = EyebrowStylist/Info.plist;
				INFOPLIST_KEY_UIApplicationSupportsIndirectInputEvents = YES;
				INFOPLIST_KEY_UILaunchStoryboardName = LaunchScreen;
				INFOPLIST_KEY_UIMainStoryboardFile = Main;
				INFOPLIST_KEY_UISupportedInterfaceOrientations_iPad = "UIInterfaceOrientationPortrait UIInterfaceOrientationPortraitUpsideDown UIInterfaceOrientationLandscapeLeft UIInterfaceOrientationLandscapeRight";
				INFOPLIST_KEY_UISupportedInterfaceOrientations_iPhone = "UIInterfaceOrientationPortrait UIInterfaceOrientationLandscapeLeft UIInterfaceOrientationLandscapeRight";
				LD_RUNPATH_SEARCH_PATHS = (
					"$(inherited)",
					"@executable_path/Frameworks",
				);
				MARKETING_VERSION = 1.0;
				PRODUCT_BUNDLE_IDENTIFIER = com.wade.eyebrowstylist.EyebrowStylist;
				PRODUCT_NAME = "$(TARGET_NAME)";
				SWIFT_EMIT_LOC_STRINGS = YES;
				SWIFT_VERSION = 5.0;
				TARGETED_DEVICE_FAMILY = "1,2";
			};
			name = Release;
		};
		185BB8E12E034569005E7731 /* Debug */ = {
			isa = XCBuildConfiguration;
			buildSettings = {
				ALWAYS_SEARCH_USER_PATHS = NO;
				ASSETCATALOG_COMPILER_GENERATE_SWIFT_ASSET_SYMBOL_EXTENSIONS = YES;
				CLANG_ANALYZER_NONNULL = YES;
				CLANG_ANALYZER_NUMBER_OBJECT_CONVERSION = YES_AGGRESSIVE;
				CLANG_CXX_LANGUAGE_STANDARD = "gnu++20";
				CLANG_ENABLE_MODULES = YES;
				CLANG_ENABLE_OBJC_ARC = YES;
				CLANG_ENABLE_OBJC_WEAK = YES;
				CLANG_WARN_BLOCK_CAPTURE_AUTORELEASING = YES;
				CLANG_WARN_BOOL_CONVERSION = YES;
				CLANG_WARN_COMMA = YES;
				CLANG_WARN_CONSTANT_CONVERSION = YES;
				CLANG_WARN_DEPRECATED_OBJC_IMPLEMENTATIONS = YES;
				CLANG_WARN_DIRECT_OBJC_ISA_USAGE = YES_ERROR;
				CLANG_WARN_DOCUMENTATION_COMMENTS = YES;
				CLANG_WARN_EMPTY_BODY = YES;
				CLANG_WARN_ENUM_CONVERSION = YES;
				CLANG_WARN_INFINITE_RECURSION = YES;
				CLANG_WARN_INT_CONVERSION = YES;
				CLANG_WARN_NON_LITERAL_NULL_CONVERSION = YES;
				CLANG_WARN_OBJC_IMPLICIT_RETAIN_SELF = YES;
				CLANG_WARN_OBJC_LITERAL_CONVERSION = YES;
				CLANG_WARN_OBJC_ROOT_CLASS = YES_ERROR;
				CLANG_WARN_QUOTED_INCLUDE_IN_FRAMEWORK_HEADER = YES;
				CLANG_WARN_RANGE_LOOP_ANALYSIS = YES;
				CLANG_WARN_STRICT_PROTOTYPES = YES;
				CLANG_WARN_SUSPICIOUS_MOVE = YES;
				CLANG_WARN_UNGUARDED_AVAILABILITY = YES_AGGRESSIVE;
				CLANG_WARN_UNREACHABLE_CODE = YES;
				CLANG_WARN__DUPLICATE_METHOD_MATCH = YES;
				COPY_PHASE_STRIP = NO;
				DEBUG_INFORMATION_FORMAT = dwarf;
				ENABLE_STRICT_OBJC_MSGSEND = YES;
				ENABLE_TESTABILITY = YES;
				ENABLE_USER_SCRIPT_SANDBOXING = YES;
				GCC_C_LANGUAGE_STANDARD = gnu17;
				GCC_DYNAMIC_NO_PIC = NO;
				GCC_NO_COMMON_BLOCKS = YES;
				GCC_OPTIMIZATION_LEVEL = 0;
				GCC_PREPROCESSOR_DEFINITIONS = (
					"DEBUG=1",
					"$(inherited)",
				);
				GCC_WARN_64_TO_32_BIT_CONVERSION = YES;
				GCC_WARN_ABOUT_RETURN_TYPE = YES_ERROR;
				GCC_WARN_UNDECLARED_SELECTOR = YES;
				GCC_WARN_UNINITIALIZED_AUTOS = YES_AGGRESSIVE;
				GCC_WARN_UNUSED_FUNCTION = YES;
				GCC_WARN_UNUSED_VARIABLE = YES;
				IPHONEOS_DEPLOYMENT_TARGET = 18.5;
				LOCALIZATION_PREFERS_STRING_CATALOGS = YES;
				MTL_ENABLE_DEBUG_INFO = INCLUDE_SOURCE;
				MTL_FAST_MATH = YES;
				ONLY_ACTIVE_ARCH = YES;
				SDKROOT = iphoneos;
				SWIFT_ACTIVE_COMPILATION_CONDITIONS = "DEBUG $(inherited)";
				SWIFT_OPTIMIZATION_LEVEL = "-Onone";
			};
			name = Debug;
		};
		185BB8E22E034569005E7731 /* Release */ = {
			isa = XCBuildConfiguration;
			buildSettings = {
				ALWAYS_SEARCH_USER_PATHS = NO;
				ASSETCATALOG_COMPILER_GENERATE_SWIFT_ASSET_SYMBOL_EXTENSIONS = YES;
				CLANG_ANALYZER_NONNULL = YES;
				CLANG_ANALYZER_NUMBER_OBJECT_CONVERSION = YES_AGGRESSIVE;
				CLANG_CXX_LANGUAGE_STANDARD = "gnu++20";
				CLANG_ENABLE_MODULES = YES;
				CLANG_ENABLE_OBJC_ARC = YES;
				CLANG_ENABLE_OBJC_WEAK = YES;
				CLANG_WARN_BLOCK_CAPTURE_AUTORELEASING = YES;
				CLANG_WARN_BOOL_CONVERSION = YES;
				CLANG_WARN_COMMA = YES;
				CLANG_WARN_CONSTANT_CONVERSION = YES;
				CLANG_WARN_DEPRECATED_OBJC_IMPLEMENTATIONS = YES;
				CLANG_WARN_DIRECT_OBJC_ISA_USAGE = YES_ERROR;
				CLANG_WARN_DOCUMENTATION_COMMENTS = YES;
				CLANG_WARN_EMPTY_BODY = YES;
				CLANG_WARN_ENUM_CONVERSION = YES;
				CLANG_WARN_INFINITE_RECURSION = YES;
				CLANG_WARN_INT_CONVERSION = YES;
				CLANG_WARN_NON_LITERAL_NULL_CONVERSION = YES;
				CLANG_WARN_OBJC_IMPLICIT_RETAIN_SELF = YES;
				CLANG_WARN_OBJC_LITERAL_CONVERSION = YES;
				CLANG_WARN_OBJC_ROOT_CLASS = YES_ERROR;
				CLANG_WARN_QUOTED_INCLUDE_IN_FRAMEWORK_HEADER = YES;
				CLANG_WARN_RANGE_LOOP_ANALYSIS = YES;
				CLANG_WARN_STRICT_PROTOTYPES = YES;
				CLANG_WARN_SUSPICIOUS_MOVE = YES;
				CLANG_WARN_UNGUARDED_AVAILABILITY = YES_AGGRESSIVE;
				CLANG_WARN_UNREACHABLE_CODE = YES;
				CLANG_WARN__DUPLICATE_METHOD_MATCH = YES;
				COPY_PHASE_STRIP = NO;
				DEBUG_INFORMATION_FORMAT = "dwarf-with-dsym";
				ENABLE_NS_ASSERTIONS = NO;
				ENABLE_STRICT_OBJC_MSGSEND = YES;
				ENABLE_USER_SCRIPT_SANDBOXING = YES;
				GCC_C_LANGUAGE_STANDARD = gnu17;
				GCC_NO_COMMON_BLOCKS = YES;
				GCC_WARN_64_TO_32_BIT_CONVERSION = YES;
				GCC_WARN_ABOUT_RETURN_TYPE = YES_ERROR;
				GCC_WARN_UNDECLARED_SELECTOR = YES;
				GCC_WARN_UNINITIALIZED_AUTOS = YES_AGGRESSIVE;
				GCC_WARN_UNUSED_FUNCTION = YES;
				GCC_WARN_UNUSED_VARIABLE = YES;
				IPHONEOS_DEPLOYMENT_TARGET = 18.5;
				LOCALIZATION_PREFERS_STRING_CATALOGS = YES;
				MTL_ENABLE_DEBUG_INFO = NO;
				MTL_FAST_MATH = YES;
				SDKROOT = iphoneos;
				SWIFT_COMPILATION_MODE = wholemodule;
				VALIDATE_PRODUCT = YES;
			};
			name = Release;
		};
		185BB8E42E034569005E7731 /* Debug */ = {
			isa = XCBuildConfiguration;
			buildSettings = {
				BUNDLE_LOADER = "$(TEST_HOST)";
				CODE_SIGN_STYLE = Automatic;
				CURRENT_PROJECT_VERSION = 1;
				GENERATE_INFOPLIST_FILE = YES;
				IPHONEOS_DEPLOYMENT_TARGET = 18.5;
				MARKETING_VERSION = 1.0;
				PRODUCT_BUNDLE_IDENTIFIER = com.wade.eyebrowstylist.EyebrowStylistTests;
				PRODUCT_NAME = "$(TARGET_NAME)";
				SWIFT_EMIT_LOC_STRINGS = NO;
				SWIFT_VERSION = 5.0;
				TARGETED_DEVICE_FAMILY = "1,2";
				TEST_HOST = "$(BUILT_PRODUCTS_DIR)/EyebrowStylist.app/$(BUNDLE_EXECUTABLE_FOLDER_PATH)/EyebrowStylist";
			};
			name = Debug;
		};
		185BB8E52E034569005E7731 /* Release */ = {
			isa = XCBuildConfiguration;
			buildSettings = {
				BUNDLE_LOADER = "$(TEST_HOST)";
				CODE_SIGN_STYLE = Automatic;
				CURRENT_PROJECT_VERSION = 1;
				GENERATE_INFOPLIST_FILE = YES;
				IPHONEOS_DEPLOYMENT_TARGET = 18.5;
				MARKETING_VERSION = 1.0;
				PRODUCT_BUNDLE_IDENTIFIER = com.wade.eyebrowstylist.EyebrowStylistTests;
				PRODUCT_NAME = "$(TARGET_NAME)";
				SWIFT_EMIT_LOC_STRINGS = NO;
				SWIFT_VERSION = 5.0;
				TARGETED_DEVICE_FAMILY = "1,2";
				TEST_HOST = "$(BUILT_PRODUCTS_DIR)/EyebrowStylist.app/$(BUNDLE_EXECUTABLE_FOLDER_PATH)/EyebrowStylist";
			};
			name = Release;
		};
		185BB8E72E034569005E7731 /* Debug */ = {
			isa = XCBuildConfiguration;
			buildSettings = {
				CODE_SIGN_STYLE = Automatic;
				CURRENT_PROJECT_VERSION = 1;
				GENERATE_INFOPLIST_FILE = YES;
				MARKETING_VERSION = 1.0;
				PRODUCT_BUNDLE_IDENTIFIER = com.wade.eyebrowstylist.EyebrowStylistUITests;
				PRODUCT_NAME = "$(TARGET_NAME)";
				SWIFT_EMIT_LOC_STRINGS = NO;
				SWIFT_VERSION = 5.0;
				TARGETED_DEVICE_FAMILY = "1,2";
				TEST_TARGET_NAME = EyebrowStylist;
			};
			name = Debug;
		};
		185BB8E82E034569005E7731 /* Release */ = {
			isa = XCBuildConfiguration;
			buildSettings = {
				CODE_SIGN_STYLE = Automatic;
				CURRENT_PROJECT_VERSION = 1;
				GENERATE_INFOPLIST_FILE = YES;
				MARKETING_VERSION = 1.0;
				PRODUCT_BUNDLE_IDENTIFIER = com.wade.eyebrowstylist.EyebrowStylistUITests;
				PRODUCT_NAME = "$(TARGET_NAME)";
				SWIFT_EMIT_LOC_STRINGS = NO;
				SWIFT_VERSION = 5.0;
				TARGETED_DEVICE_FAMILY = "1,2";
				TEST_TARGET_NAME = EyebrowStylist;
			};
			name = Release;
		};
/* End XCBuildConfiguration section */

/* Begin XCConfigurationList section */
		185BB8B02E034567005E7731 /* Build configuration list for PBXProject "EyebrowStylist" */ = {
			isa = XCConfigurationList;
			buildConfigurations = (
				185BB8E12E034569005E7731 /* Debug */,
				185BB8E22E034569005E7731 /* Release */,
			);
			defaultConfigurationIsVisible = 0;
			defaultConfigurationName = Release;
		};
		185BB8DE2E034569005E7731 /* Build configuration list for PBXNativeTarget "EyebrowStylist" */ = {
			isa = XCConfigurationList;
			buildConfigurations = (
				185BB8DF2E034569005E7731 /* Debug */,
				185BB8E02E034569005E7731 /* Release */,
			);
			defaultConfigurationIsVisible = 0;
			defaultConfigurationName = Release;
		};
		185BB8E32E034569005E7731 /* Build configuration list for PBXNativeTarget "EyebrowStylistTests" */ = {
			isa = XCConfigurationList;
			buildConfigurations = (
				185BB8E42E034569005E7731 /* Debug */,
				185BB8E52E034569005E7731 /* Release */,
			);
			defaultConfigurationIsVisible = 0;
			defaultConfigurationName = Release;
		};
		185BB8E62E034569005E7731 /* Build configuration list for PBXNativeTarget "EyebrowStylistUITests" */ = {
			isa = XCConfigurationList;
			buildConfigurations = (
				185BB8E72E034569005E7731 /* Debug */,
				185BB8E82E034569005E7731 /* Release */,
			);
			defaultConfigurationIsVisible = 0;
			defaultConfigurationName = Release;
		};
/* End XCConfigurationList section */
	};
	rootObject = 185BB8AD2E034567005E7731 /* Project object */;
}
